# This file is automatically @generated by Cargo.
# It is not intended for manual editing.
version = 3

[[package]]
name = "aes_crypto"
version = "1.2.1"
source = "registry+https://github.com/rust-lang/crates.io-index"
checksum = "db82494bd57727fa11eff52b45b0756d72405fe9857452bef9e329e570451f29"
dependencies = [
 "cfg-if",
]

[[package]]
name = "cfg-if"
version = "1.0.0"
source = "registry+https://github.com/rust-lang/crates.io-index"
checksum = "baf1de4339761588bc0619e3cbc0120ee582ebb74b53b4efbf79117bd2da40fd"

[[package]]
name = "n64"
version = "0.1.0"
source = "git+https://github.com/Jhynjhiruu/n64-rs.git#3a1ac3c287987cb2c2fa55eb0979629e415c05c1"
dependencies = [
 "aes_crypto",
 "rijndael",
 "volcell",
]

[[package]]
name = "rijndael"
version = "0.1.0"
source = "git+https://github.com/Jhynjhiruu/rijndael.git#ae2270e8d4494ec2dc983d7e2f3b27f549ada6c0"

[[package]]
name = "sk_rs"
version = "0.1.0"
dependencies = [
 "n64",
]

[[package]]
name = "volcell"
version = "1.0.0"
source = "registry+https://github.com/rust-lang/crates.io-index"
checksum = "404778f30d9230a66443b0498cc3a8c6633e294afbdce88221bbae7c9b0817bd"
